
Microsoft Visual Studio Solution File, Format Version 12.00
# Visual Studio Version 16
VisualStudioVersion = 16.0.31624.102
MinimumVisualStudioVersion = 10.0.40219.1
Project("{E24C65DC-7377-472B-9ABA-BC803B73C61A}") = "magentaTeknik", ".", "{1AB13E6D-0067-43FF-98DD-D7F9728FB792}"
	ProjectSection(WebsiteProperties) = preProject
		TargetFrameworkMoniker = ".NETFramework,Version%3Dv4.0"
		Debug.AspNetCompiler.VirtualPath = "/localhost_53220"
		Debug.AspNetCompiler.PhysicalPath = "D:\git\magentaTeknik\"
		Debug.AspNetCompiler.TargetPath = "PrecompiledWeb\localhost_53220\"
		Debug.AspNetCompiler.Updateable = "true"
		Debug.AspNetCompiler.ForceOverwrite = "true"
		Debug.AspNetCompiler.FixedNames = "false"
		Debug.AspNetCompiler.Debug = "True"
		Release.AspNetCompiler.VirtualPath = "/localhost_53220"
		Release.AspNetCompiler.PhysicalPath = "D:\git\magentaTeknik\"
		Release.AspNetCompiler.TargetPath = "PrecompiledWeb\localhost_53220\"
		Release.AspNetCompiler.Updateable = "true"
		Release.AspNetCompiler.ForceOverwrite = "true"
		Release.AspNetCompiler.FixedNames = "false"
		Release.AspNetCompiler.Debug = "False"
		VWDPort = "53220"
	EndProjectSection
EndProject
Global
	GlobalSection(SolutionConfigurationPlatforms) = preSolution
		Debug|Any CPU = Debug|Any CPU
	EndGlobalSection
	GlobalSection(ProjectConfigurationPlatforms) = postSolution
		{1AB13E6D-0067-43FF-98DD-D7F9728FB792}.Debug|Any CPU.ActiveCfg = Debug|Any CPU
		{1AB13E6D-0067-43FF-98DD-D7F9728FB792}.Debug|Any CPU.Build.0 = Debug|Any CPU
	EndGlobalSection
	GlobalSection(SolutionProperties) = preSolution
		HideSolutionNode = FALSE
	EndGlobalSection
	GlobalSection(ExtensibilityGlobals) = postSolution
		SolutionGuid = {C6CDB2C8-DFE6-47EA-888D-CB630887D2BB}
	EndGlobalSection
EndGlobal
